
Microsoft Visual Studio Solution File, Format Version 12.00
# Visual Studio Version 17
VisualStudioVersion = 17.14.36915.13
MinimumVisualStudioVersion = 10.0.40219.1
Project("{FAE04EC0-301F-11D3-BF4B-00C04F79EFBC}") = "MyConsoleApp", "MyConsoleApp\MyConsoleApp.csproj", "{DBB0EEBF-6736-438A-9F23-DE27BCC095DA}"
EndProject
Project("{FAE04EC0-301F-11D3-BF4B-00C04F79EFBC}") = "CRM.Web", "CRM.Web\CRM.Web.csproj", "{22E70A6C-7C97-4A18-9792-F30B5469DD69}"
EndProject
Global
	GlobalSection(SolutionConfigurationPlatforms) = preSolution
		Debug|Any CPU = Debug|Any CPU
		Release|Any CPU = Release|Any CPU
	EndGlobalSection
	GlobalSection(ProjectConfigurationPlatforms) = postSolution
		{DBB0EEBF-6736-438A-9F23-DE27BCC095DA}.Debug|Any CPU.ActiveCfg = Debug|Any CPU
		{DBB0EEBF-6736-438A-9F23-DE27BCC095DA}.Debug|Any CPU.Build.0 = Debug|Any CPU
		{DBB0EEBF-6736-438A-9F23-DE27BCC095DA}.Release|Any CPU.ActiveCfg = Release|Any CPU
		{DBB0EEBF-6736-438A-9F23-DE27BCC095DA}.Release|Any CPU.Build.0 = Release|Any CPU
		{22E70A6C-7C97-4A18-9792-F30B5469DD69}.Debug|Any CPU.ActiveCfg = Debug|Any CPU
		{22E70A6C-7C97-4A18-9792-F30B5469DD69}.Debug|Any CPU.Build.0 = Debug|Any CPU
		{22E70A6C-7C97-4A18-9792-F30B5469DD69}.Release|Any CPU.ActiveCfg = Release|Any CPU
		{22E70A6C-7C97-4A18-9792-F30B5469DD69}.Release|Any CPU.Build.0 = Release|Any CPU
	EndGlobalSection
	GlobalSection(SolutionProperties) = preSolution
		HideSolutionNode = FALSE
	EndGlobalSection
	GlobalSection(ExtensibilityGlobals) = postSolution
		SolutionGuid = {13922FFF-0239-48EF-8F40-057DA38C121E}
	EndGlobalSection
EndGlobal
